
Microsoft Visual Studio Solution File, Format Version 12.00
# Visual Studio Version 17
VisualStudioVersion = 17.0.31903.59
MinimumVisualStudioVersion = 10.0.40219.1
Project("{2150E333-8FDC-42A3-9474-1A3956D46DE8}") = "src", "src", "{827E0CD3-B72D-47B6-A68D-7590B98EB39B}"
EndProject
Project("{FAE04EC0-301F-11D3-BF4B-00C04F79EFBC}") = "NativeSpy.Protocol", "src\NativeSpy.Protocol\NativeSpy.Protocol.csproj", "{AF8CD4F2-D9CA-4909-B185-EFE62C7ADDBE}"
EndProject
Project("{FAE04EC0-301F-11D3-BF4B-00C04F79EFBC}") = "NativeSpy.Client", "src\NativeSpy.Client\NativeSpy.Client.csproj", "{30D6DCD5-8FE5-46E1-8DD7-F9890005A0E5}"
EndProject
Project("{FAE04EC0-301F-11D3-BF4B-00C04F79EFBC}") = "NativeSpy.Agent", "src\NativeSpy.Agent\NativeSpy.Agent.csproj", "{A3C34D8D-7D4A-4D06-9C10-62F75B72C8A1}"
EndProject
Project("{2150E333-8FDC-42A3-9474-1A3956D46DE8}") = "tests", "tests", "{0AB3BF05-4346-4AA6-1389-037BE0695223}"
EndProject
Project("{FAE04EC0-301F-11D3-BF4B-00C04F79EFBC}") = "NativeSpy.Protocol.Tests", "tests\NativeSpy.Protocol.Tests\NativeSpy.Protocol.Tests.csproj", "{8133C0D8-9A1E-42AA-BFD2-202BFBDADDA9}"
EndProject
Project("{FAE04EC0-301F-11D3-BF4B-00C04F79EFBC}") = "NativeSpy.Client.Tests", "tests\NativeSpy.Client.Tests\NativeSpy.Client.Tests.csproj", "{1C8763E6-DAB8-499F-A541-01388F2AF676}"
EndProject
Project("{FAE04EC0-301F-11D3-BF4B-00C04F79EFBC}") = "NativeSpy.Agent.Tests", "tests\NativeSpy.Agent.Tests\NativeSpy.Agent.Tests.csproj", "{D4A4D0D2-8A4B-42B3-9E8E-FE2C4D6A9E11}"
EndProject
Project("{FAE04EC0-301F-11D3-BF4B-00C04F79EFBC}") = "NativeSpy.Agent.WinForms", "src\NativeSpy.Agent.WinForms\NativeSpy.Agent.WinForms.csproj", "{89879F03-B6FB-40F6-A3CD-1C357FB74874}"
EndProject
Project("{FAE04EC0-301F-11D3-BF4B-00C04F79EFBC}") = "NativeSpy.FlaUI", "src\NativeSpy.FlaUI\NativeSpy.FlaUI.csproj", "{14A081FA-9334-45D6-85DA-735011E05EEC}"
EndProject
Project("{FAE04EC0-301F-11D3-BF4B-00C04F79EFBC}") = "NativeSpy.TestTarget.WinForms", "tests\NativeSpy.TestTarget.WinForms\NativeSpy.TestTarget.WinForms.csproj", "{9A798E2F-3A6E-4A69-B7F2-9958C3EF4DBD}"
EndProject
Project("{FAE04EC0-301F-11D3-BF4B-00C04F79EFBC}") = "NativeSpy.IntegrationTests", "tests\NativeSpy.IntegrationTests\NativeSpy.IntegrationTests.csproj", "{C935106D-4DED-4C06-A884-D67C599DBEC2}"
EndProject
Project("{FAE04EC0-301F-11D3-BF4B-00C04F79EFBC}") = "NativeSpy.Agent.WinForms.Tests", "tests\NativeSpy.Agent.WinForms.Tests\NativeSpy.Agent.WinForms.Tests.csproj", "{6D9AA3AC-08D5-4019-A91E-1DB2AF8788EC}"
EndProject
Project("{FAE04EC0-301F-11D3-BF4B-00C04F79EFBC}") = "NativeSpy.Protocol.Json", "src\NativeSpy.Protocol.Json\NativeSpy.Protocol.Json.csproj", "{C655DB05-E642-4D55-B63A-3CB0F4CE1D24}"
EndProject
Project("{FAE04EC0-301F-11D3-BF4B-00C04F79EFBC}") = "NativeSpy.Transport.NamedPipes", "src\NativeSpy.Transport.NamedPipes\NativeSpy.Transport.NamedPipes.csproj", "{1BAE2508-1765-4E9C-866C-DDBB2393231B}"
EndProject
Project("{FAE04EC0-301F-11D3-BF4B-00C04F79EFBC}") = "NativeSpy.Agent.Host", "src\NativeSpy.Agent.Host\NativeSpy.Agent.Host.csproj", "{7C0FB138-53E9-469B-AC1F-B5269F230CC2}"
EndProject
Project("{FAE04EC0-301F-11D3-BF4B-00C04F79EFBC}") = "NativeSpy.Agent.Host.WinForms", "src\NativeSpy.Agent.Host.WinForms\NativeSpy.Agent.Host.WinForms.csproj", "{637791BC-E84E-4F5A-AEAD-9F999FEA9F90}"
EndProject
Project("{FAE04EC0-301F-11D3-BF4B-00C04F79EFBC}") = "NativeSpy.Client.NamedPipes", "src\NativeSpy.Client.NamedPipes\NativeSpy.Client.NamedPipes.csproj", "{6771F90A-23A5-47E6-9BD7-EE2251B69055}"
EndProject
Project("{FAE04EC0-301F-11D3-BF4B-00C04F79EFBC}") = "NativeSpy.ObjectSpy", "src\NativeSpy.ObjectSpy\NativeSpy.ObjectSpy.csproj", "{2C4733B0-4DD7-452E-88A8-74F843C9A555}"
EndProject
Project("{FAE04EC0-301F-11D3-BF4B-00C04F79EFBC}") = "NativeSpy.ObjectSpy.App", "src\NativeSpy.ObjectSpy.App\NativeSpy.ObjectSpy.App.csproj", "{03A9B4FE-CC64-4895-96A5-95B8271D6DB6}"
EndProject
Project("{FAE04EC0-301F-11D3-BF4B-00C04F79EFBC}") = "NativeSpy.FlaUI.Tests", "tests\NativeSpy.FlaUI.Tests\NativeSpy.FlaUI.Tests.csproj", "{183705FD-4D2C-4611-BD8E-883A4C093646}"
EndProject
Global
	GlobalSection(SolutionConfigurationPlatforms) = preSolution
		Debug|Any CPU = Debug|Any CPU
		Debug|x64 = Debug|x64
		Debug|x86 = Debug|x86
		Release|Any CPU = Release|Any CPU
		Release|x64 = Release|x64
		Release|x86 = Release|x86
	EndGlobalSection
	GlobalSection(ProjectConfigurationPlatforms) = postSolution
		{AF8CD4F2-D9CA-4909-B185-EFE62C7ADDBE}.Debug|Any CPU.ActiveCfg = Debug|Any CPU
		{AF8CD4F2-D9CA-4909-B185-EFE62C7ADDBE}.Debug|Any CPU.Build.0 = Debug|Any CPU
		{AF8CD4F2-D9CA-4909-B185-EFE62C7ADDBE}.Debug|x64.ActiveCfg = Debug|Any CPU
		{AF8CD4F2-D9CA-4909-B185-EFE62C7ADDBE}.Debug|x64.Build.0 = Debug|Any CPU
		{AF8CD4F2-D9CA-4909-B185-EFE62C7ADDBE}.Debug|x86.ActiveCfg = Debug|Any CPU
		{AF8CD4F2-D9CA-4909-B185-EFE62C7ADDBE}.Debug|x86.Build.0 = Debug|Any CPU
		{AF8CD4F2-D9CA-4909-B185-EFE62C7ADDBE}.Release|Any CPU.ActiveCfg = Release|Any CPU
		{AF8CD4F2-D9CA-4909-B185-EFE62C7ADDBE}.Release|Any CPU.Build.0 = Release|Any CPU
		{AF8CD4F2-D9CA-4909-B185-EFE62C7ADDBE}.Release|x64.ActiveCfg = Release|Any CPU
		{AF8CD4F2-D9CA-4909-B185-EFE62C7ADDBE}.Release|x64.Build.0 = Release|Any CPU
		{AF8CD4F2-D9CA-4909-B185-EFE62C7ADDBE}.Release|x86.ActiveCfg = Release|Any CPU
		{AF8CD4F2-D9CA-4909-B185-EFE62C7ADDBE}.Release|x86.Build.0 = Release|Any CPU
		{30D6DCD5-8FE5-46E1-8DD7-F9890005A0E5}.Debug|Any CPU.ActiveCfg = Debug|Any CPU
		{30D6DCD5-8FE5-46E1-8DD7-F9890005A0E5}.Debug|Any CPU.Build.0 = Debug|Any CPU
		{30D6DCD5-8FE5-46E1-8DD7-F9890005A0E5}.Debug|x64.ActiveCfg = Debug|Any CPU
		{30D6DCD5-8FE5-46E1-8DD7-F9890005A0E5}.Debug|x64.Build.0 = Debug|Any CPU
		{30D6DCD5-8FE5-46E1-8DD7-F9890005A0E5}.Debug|x86.ActiveCfg = Debug|Any CPU
		{30D6DCD5-8FE5-46E1-8DD7-F9890005A0E5}.Debug|x86.Build.0 = Debug|Any CPU
		{30D6DCD5-8FE5-46E1-8DD7-F9890005A0E5}.Release|Any CPU.ActiveCfg = Release|Any CPU
		{30D6DCD5-8FE5-46E1-8DD7-F9890005A0E5}.Release|Any CPU.Build.0 = Release|Any CPU
		{30D6DCD5-8FE5-46E1-8DD7-F9890005A0E5}.Release|x64.ActiveCfg = Release|Any CPU
		{30D6DCD5-8FE5-46E1-8DD7-F9890005A0E5}.Release|x64.Build.0 = Release|Any CPU
		{30D6DCD5-8FE5-46E1-8DD7-F9890005A0E5}.Release|x86.ActiveCfg = Release|Any CPU
		{30D6DCD5-8FE5-46E1-8DD7-F9890005A0E5}.Release|x86.Build.0 = Release|Any CPU
		{A3C34D8D-7D4A-4D06-9C10-62F75B72C8A1}.Debug|Any CPU.ActiveCfg = Debug|Any CPU
		{A3C34D8D-7D4A-4D06-9C10-62F75B72C8A1}.Debug|Any CPU.Build.0 = Debug|Any CPU
		{A3C34D8D-7D4A-4D06-9C10-62F75B72C8A1}.Debug|x64.ActiveCfg = Debug|Any CPU
		{A3C34D8D-7D4A-4D06-9C10-62F75B72C8A1}.Debug|x64.Build.0 = Debug|Any CPU
		{A3C34D8D-7D4A-4D06-9C10-62F75B72C8A1}.Debug|x86.ActiveCfg = Debug|Any CPU
		{A3C34D8D-7D4A-4D06-9C10-62F75B72C8A1}.Debug|x86.Build.0 = Debug|Any CPU
		{A3C34D8D-7D4A-4D06-9C10-62F75B72C8A1}.Release|Any CPU.ActiveCfg = Release|Any CPU
		{A3C34D8D-7D4A-4D06-9C10-62F75B72C8A1}.Release|Any CPU.Build.0 = Release|Any CPU
		{A3C34D8D-7D4A-4D06-9C10-62F75B72C8A1}.Release|x64.ActiveCfg = Release|Any CPU
		{A3C34D8D-7D4A-4D06-9C10-62F75B72C8A1}.Release|x64.Build.0 = Release|Any CPU
		{A3C34D8D-7D4A-4D06-9C10-62F75B72C8A1}.Release|x86.ActiveCfg = Release|Any CPU
		{A3C34D8D-7D4A-4D06-9C10-62F75B72C8A1}.Release|x86.Build.0 = Release|Any CPU
		{8133C0D8-9A1E-42AA-BFD2-202BFBDADDA9}.Debug|Any CPU.ActiveCfg = Debug|Any CPU
		{8133C0D8-9A1E-42AA-BFD2-202BFBDADDA9}.Debug|Any CPU.Build.0 = Debug|Any CPU
		{8133C0D8-9A1E-42AA-BFD2-202BFBDADDA9}.Debug|x64.ActiveCfg = Debug|Any CPU
		{8133C0D8-9A1E-42AA-BFD2-202BFBDADDA9}.Debug|x64.Build.0 = Debug|Any CPU
		{8133C0D8-9A1E-42AA-BFD2-202BFBDADDA9}.Debug|x86.ActiveCfg = Debug|Any CPU
		{8133C0D8-9A1E-42AA-BFD2-202BFBDADDA9}.Debug|x86.Build.0 = Debug|Any CPU
		{8133C0D8-9A1E-42AA-BFD2-202BFBDADDA9}.Release|Any CPU.ActiveCfg = Release|Any CPU
		{8133C0D8-9A1E-42AA-BFD2-202BFBDADDA9}.Release|Any CPU.Build.0 = Release|Any CPU
		{8133C0D8-9A1E-42AA-BFD2-202BFBDADDA9}.Release|x64.ActiveCfg = Release|Any CPU
		{8133C0D8-9A1E-42AA-BFD2-202BFBDADDA9}.Release|x64.Build.0 = Release|Any CPU
		{8133C0D8-9A1E-42AA-BFD2-202BFBDADDA9}.Release|x86.ActiveCfg = Release|Any CPU
		{8133C0D8-9A1E-42AA-BFD2-202BFBDADDA9}.Release|x86.Build.0 = Release|Any CPU
		{1C8763E6-DAB8-499F-A541-01388F2AF676}.Debug|Any CPU.ActiveCfg = Debug|Any CPU
		{1C8763E6-DAB8-499F-A541-01388F2AF676}.Debug|Any CPU.Build.0 = Debug|Any CPU
		{1C8763E6-DAB8-499F-A541-01388F2AF676}.Debug|x64.ActiveCfg = Debug|Any CPU
		{1C8763E6-DAB8-499F-A541-01388F2AF676}.Debug|x64.Build.0 = Debug|Any CPU
		{1C8763E6-DAB8-499F-A541-01388F2AF676}.Debug|x86.ActiveCfg = Debug|Any CPU
		{1C8763E6-DAB8-499F-A541-01388F2AF676}.Debug|x86.Build.0 = Debug|Any CPU
		{1C8763E6-DAB8-499F-A541-01388F2AF676}.Release|Any CPU.ActiveCfg = Release|Any CPU
		{1C8763E6-DAB8-499F-A541-01388F2AF676}.Release|Any CPU.Build.0 = Release|Any CPU
		{1C8763E6-DAB8-499F-A541-01388F2AF676}.Release|x64.ActiveCfg = Release|Any CPU
		{1C8763E6-DAB8-499F-A541-01388F2AF676}.Release|x64.Build.0 = Release|Any CPU
		{1C8763E6-DAB8-499F-A541-01388F2AF676}.Release|x86.ActiveCfg = Release|Any CPU
		{1C8763E6-DAB8-499F-A541-01388F2AF676}.Release|x86.Build.0 = Release|Any CPU
		{D4A4D0D2-8A4B-42B3-9E8E-FE2C4D6A9E11}.Debug|Any CPU.ActiveCfg = Debug|Any CPU
		{D4A4D0D2-8A4B-42B3-9E8E-FE2C4D6A9E11}.Debug|Any CPU.Build.0 = Debug|Any CPU
		{D4A4D0D2-8A4B-42B3-9E8E-FE2C4D6A9E11}.Debug|x64.ActiveCfg = Debug|Any CPU
		{D4A4D0D2-8A4B-42B3-9E8E-FE2C4D6A9E11}.Debug|x64.Build.0 = Debug|Any CPU
		{D4A4D0D2-8A4B-42B3-9E8E-FE2C4D6A9E11}.Debug|x86.ActiveCfg = Debug|Any CPU
		{D4A4D0D2-8A4B-42B3-9E8E-FE2C4D6A9E11}.Debug|x86.Build.0 = Debug|Any CPU
		{D4A4D0D2-8A4B-42B3-9E8E-FE2C4D6A9E11}.Release|Any CPU.ActiveCfg = Release|Any CPU
		{D4A4D0D2-8A4B-42B3-9E8E-FE2C4D6A9E11}.Release|Any CPU.Build.0 = Release|Any CPU
		{D4A4D0D2-8A4B-42B3-9E8E-FE2C4D6A9E11}.Release|x64.ActiveCfg = Release|Any CPU
		{D4A4D0D2-8A4B-42B3-9E8E-FE2C4D6A9E11}.Release|x64.Build.0 = Release|Any CPU
		{D4A4D0D2-8A4B-42B3-9E8E-FE2C4D6A9E11}.Release|x86.ActiveCfg = Release|Any CPU
		{D4A4D0D2-8A4B-42B3-9E8E-FE2C4D6A9E11}.Release|x86.Build.0 = Release|Any CPU
		{89879F03-B6FB-40F6-A3CD-1C357FB74874}.Debug|Any CPU.ActiveCfg = Debug|Any CPU
		{89879F03-B6FB-40F6-A3CD-1C357FB74874}.Debug|Any CPU.Build.0 = Debug|Any CPU
		{89879F03-B6FB-40F6-A3CD-1C357FB74874}.Debug|x64.ActiveCfg = Debug|Any CPU
		{89879F03-B6FB-40F6-A3CD-1C357FB74874}.Debug|x64.Build.0 = Debug|Any CPU
		{89879F03-B6FB-40F6-A3CD-1C357FB74874}.Debug|x86.ActiveCfg = Debug|Any CPU
		{89879F03-B6FB-40F6-A3CD-1C357FB74874}.Debug|x86.Build.0 = Debug|Any CPU
		{89879F03-B6FB-40F6-A3CD-1C357FB74874}.Release|Any CPU.ActiveCfg = Release|Any CPU
		{89879F03-B6FB-40F6-A3CD-1C357FB74874}.Release|Any CPU.Build.0 = Release|Any CPU
		{89879F03-B6FB-40F6-A3CD-1C357FB74874}.Release|x64.ActiveCfg = Release|Any CPU
		{89879F03-B6FB-40F6-A3CD-1C357FB74874}.Release|x64.Build.0 = Release|Any CPU
		{89879F03-B6FB-40F6-A3CD-1C357FB74874}.Release|x86.ActiveCfg = Release|Any CPU
		{89879F03-B6FB-40F6-A3CD-1C357FB74874}.Release|x86.Build.0 = Release|Any CPU
		{14A081FA-9334-45D6-85DA-735011E05EEC}.Debug|Any CPU.ActiveCfg = Debug|Any CPU
		{14A081FA-9334-45D6-85DA-735011E05EEC}.Debug|Any CPU.Build.0 = Debug|Any CPU
		{14A081FA-9334-45D6-85DA-735011E05EEC}.Debug|x64.ActiveCfg = Debug|Any CPU
		{14A081FA-9334-45D6-85DA-735011E05EEC}.Debug|x64.Build.0 = Debug|Any CPU
		{14A081FA-9334-45D6-85DA-735011E05EEC}.Debug|x86.ActiveCfg = Debug|Any CPU
		{14A081FA-9334-45D6-85DA-735011E05EEC}.Debug|x86.Build.0 = Debug|Any CPU
		{14A081FA-9334-45D6-85DA-735011E05EEC}.Release|Any CPU.ActiveCfg = Release|Any CPU
		{14A081FA-9334-45D6-85DA-735011E05EEC}.Release|Any CPU.Build.0 = Release|Any CPU
		{14A081FA-9334-45D6-85DA-735011E05EEC}.Release|x64.ActiveCfg = Release|Any CPU
		{14A081FA-9334-45D6-85DA-735011E05EEC}.Release|x64.Build.0 = Release|Any CPU
		{14A081FA-9334-45D6-85DA-735011E05EEC}.Release|x86.ActiveCfg = Release|Any CPU
		{14A081FA-9334-45D6-85DA-735011E05EEC}.Release|x86.Build.0 = Release|Any CPU
		{9A798E2F-3A6E-4A69-B7F2-9958C3EF4DBD}.Debug|Any CPU.ActiveCfg = Debug|Any CPU
		{9A798E2F-3A6E-4A69-B7F2-9958C3EF4DBD}.Debug|Any CPU.Build.0 = Debug|Any CPU
		{9A798E2F-3A6E-4A69-B7F2-9958C3EF4DBD}.Debug|x64.ActiveCfg = Debug|Any CPU
		{9A798E2F-3A6E-4A69-B7F2-9958C3EF4DBD}.Debug|x64.Build.0 = Debug|Any CPU
		{9A798E2F-3A6E-4A69-B7F2-9958C3EF4DBD}.Debug|x86.ActiveCfg = Debug|Any CPU
		{9A798E2F-3A6E-4A69-B7F2-9958C3EF4DBD}.Debug|x86.Build.0 = Debug|Any CPU
		{9A798E2F-3A6E-4A69-B7F2-9958C3EF4DBD}.Release|Any CPU.ActiveCfg = Release|Any CPU
		{9A798E2F-3A6E-4A69-B7F2-9958C3EF4DBD}.Release|Any CPU.Build.0 = Release|Any CPU
		{9A798E2F-3A6E-4A69-B7F2-9958C3EF4DBD}.Release|x64.ActiveCfg = Release|Any CPU
		{9A798E2F-3A6E-4A69-B7F2-9958C3EF4DBD}.Release|x64.Build.0 = Release|Any CPU
		{9A798E2F-3A6E-4A69-B7F2-9958C3EF4DBD}.Release|x86.ActiveCfg = Release|Any CPU
		{9A798E2F-3A6E-4A69-B7F2-9958C3EF4DBD}.Release|x86.Build.0 = Release|Any CPU
		{C935106D-4DED-4C06-A884-D67C599DBEC2}.Debug|Any CPU.ActiveCfg = Debug|Any CPU
		{C935106D-4DED-4C06-A884-D67C599DBEC2}.Debug|Any CPU.Build.0 = Debug|Any CPU
		{C935106D-4DED-4C06-A884-D67C599DBEC2}.Debug|x64.ActiveCfg = Debug|Any CPU
		{C935106D-4DED-4C06-A884-D67C599DBEC2}.Debug|x64.Build.0 = Debug|Any CPU
		{C935106D-4DED-4C06-A884-D67C599DBEC2}.Debug|x86.ActiveCfg = Debug|Any CPU
		{C935106D-4DED-4C06-A884-D67C599DBEC2}.Debug|x86.Build.0 = Debug|Any CPU
		{C935106D-4DED-4C06-A884-D67C599DBEC2}.Release|Any CPU.ActiveCfg = Release|Any CPU
		{C935106D-4DED-4C06-A884-D67C599DBEC2}.Release|Any CPU.Build.0 = Release|Any CPU
		{C935106D-4DED-4C06-A884-D67C599DBEC2}.Release|x64.ActiveCfg = Release|Any CPU
		{C935106D-4DED-4C06-A884-D67C599DBEC2}.Release|x64.Build.0 = Release|Any CPU
		{C935106D-4DED-4C06-A884-D67C599DBEC2}.Release|x86.ActiveCfg = Release|Any CPU
		{C935106D-4DED-4C06-A884-D67C599DBEC2}.Release|x86.Build.0 = Release|Any CPU
		{6D9AA3AC-08D5-4019-A91E-1DB2AF8788EC}.Debug|Any CPU.ActiveCfg = Debug|Any CPU
		{6D9AA3AC-08D5-4019-A91E-1DB2AF8788EC}.Debug|Any CPU.Build.0 = Debug|Any CPU
		{6D9AA3AC-08D5-4019-A91E-1DB2AF8788EC}.Debug|x64.ActiveCfg = Debug|Any CPU
		{6D9AA3AC-08D5-4019-A91E-1DB2AF8788EC}.Debug|x64.Build.0 = Debug|Any CPU
		{6D9AA3AC-08D5-4019-A91E-1DB2AF8788EC}.Debug|x86.ActiveCfg = Debug|Any CPU
		{6D9AA3AC-08D5-4019-A91E-1DB2AF8788EC}.Debug|x86.Build.0 = Debug|Any CPU
		{6D9AA3AC-08D5-4019-A91E-1DB2AF8788EC}.Release|Any CPU.ActiveCfg = Release|Any CPU
		{6D9AA3AC-08D5-4019-A91E-1DB2AF8788EC}.Release|Any CPU.Build.0 = Release|Any CPU
		{6D9AA3AC-08D5-4019-A91E-1DB2AF8788EC}.Release|x64.ActiveCfg = Release|Any CPU
		{6D9AA3AC-08D5-4019-A91E-1DB2AF8788EC}.Release|x64.Build.0 = Release|Any CPU
		{6D9AA3AC-08D5-4019-A91E-1DB2AF8788EC}.Release|x86.ActiveCfg = Release|Any CPU
		{6D9AA3AC-08D5-4019-A91E-1DB2AF8788EC}.Release|x86.Build.0 = Release|Any CPU
		{C655DB05-E642-4D55-B63A-3CB0F4CE1D24}.Debug|Any CPU.ActiveCfg = Debug|Any CPU
		{C655DB05-E642-4D55-B63A-3CB0F4CE1D24}.Debug|Any CPU.Build.0 = Debug|Any CPU
		{C655DB05-E642-4D55-B63A-3CB0F4CE1D24}.Debug|x64.ActiveCfg = Debug|Any CPU
		{C655DB05-E642-4D55-B63A-3CB0F4CE1D24}.Debug|x64.Build.0 = Debug|Any CPU
		{C655DB05-E642-4D55-B63A-3CB0F4CE1D24}.Debug|x86.ActiveCfg = Debug|Any CPU
		{C655DB05-E642-4D55-B63A-3CB0F4CE1D24}.Debug|x86.Build.0 = Debug|Any CPU
		{C655DB05-E642-4D55-B63A-3CB0F4CE1D24}.Release|Any CPU.ActiveCfg = Release|Any CPU
		{C655DB05-E642-4D55-B63A-3CB0F4CE1D24}.Release|Any CPU.Build.0 = Release|Any CPU
		{C655DB05-E642-4D55-B63A-3CB0F4CE1D24}.Release|x64.ActiveCfg = Release|Any CPU
		{C655DB05-E642-4D55-B63A-3CB0F4CE1D24}.Release|x64.Build.0 = Release|Any CPU
		{C655DB05-E642-4D55-B63A-3CB0F4CE1D24}.Release|x86.ActiveCfg = Release|Any CPU
		{C655DB05-E642-4D55-B63A-3CB0F4CE1D24}.Release|x86.Build.0 = Release|Any CPU
		{1BAE2508-1765-4E9C-866C-DDBB2393231B}.Debug|Any CPU.ActiveCfg = Debug|Any CPU
		{1BAE2508-1765-4E9C-866C-DDBB2393231B}.Debug|Any CPU.Build.0 = Debug|Any CPU
		{1BAE2508-1765-4E9C-866C-DDBB2393231B}.Debug|x64.ActiveCfg = Debug|Any CPU
		{1BAE2508-1765-4E9C-866C-DDBB2393231B}.Debug|x64.Build.0 = Debug|Any CPU
		{1BAE2508-1765-4E9C-866C-DDBB2393231B}.Debug|x86.ActiveCfg = Debug|Any CPU
		{1BAE2508-1765-4E9C-866C-DDBB2393231B}.Debug|x86.Build.0 = Debug|Any CPU
		{1BAE2508-1765-4E9C-866C-DDBB2393231B}.Release|Any CPU.ActiveCfg = Release|Any CPU
		{1BAE2508-1765-4E9C-866C-DDBB2393231B}.Release|Any CPU.Build.0 = Release|Any CPU
		{1BAE2508-1765-4E9C-866C-DDBB2393231B}.Release|x64.ActiveCfg = Release|Any CPU
		{1BAE2508-1765-4E9C-866C-DDBB2393231B}.Release|x64.Build.0 = Release|Any CPU
		{1BAE2508-1765-4E9C-866C-DDBB2393231B}.Release|x86.ActiveCfg = Release|Any CPU
		{1BAE2508-1765-4E9C-866C-DDBB2393231B}.Release|x86.Build.0 = Release|Any CPU
		{7C0FB138-53E9-469B-AC1F-B5269F230CC2}.Debug|Any CPU.ActiveCfg = Debug|Any CPU
		{7C0FB138-53E9-469B-AC1F-B5269F230CC2}.Debug|Any CPU.Build.0 = Debug|Any CPU
		{7C0FB138-53E9-469B-AC1F-B5269F230CC2}.Debug|x64.ActiveCfg = Debug|Any CPU
		{7C0FB138-53E9-469B-AC1F-B5269F230CC2}.Debug|x64.Build.0 = Debug|Any CPU
		{7C0FB138-53E9-469B-AC1F-B5269F230CC2}.Debug|x86.ActiveCfg = Debug|Any CPU
		{7C0FB138-53E9-469B-AC1F-B5269F230CC2}.Debug|x86.Build.0 = Debug|Any CPU
		{7C0FB138-53E9-469B-AC1F-B5269F230CC2}.Release|Any CPU.ActiveCfg = Release|Any CPU
		{7C0FB138-53E9-469B-AC1F-B5269F230CC2}.Release|Any CPU.Build.0 = Release|Any CPU
		{7C0FB138-53E9-469B-AC1F-B5269F230CC2}.Release|x64.ActiveCfg = Release|Any CPU
		{7C0FB138-53E9-469B-AC1F-B5269F230CC2}.Release|x64.Build.0 = Release|Any CPU
		{7C0FB138-53E9-469B-AC1F-B5269F230CC2}.Release|x86.ActiveCfg = Release|Any CPU
		{7C0FB138-53E9-469B-AC1F-B5269F230CC2}.Release|x86.Build.0 = Release|Any CPU
		{637791BC-E84E-4F5A-AEAD-9F999FEA9F90}.Debug|Any CPU.ActiveCfg = Debug|Any CPU
		{637791BC-E84E-4F5A-AEAD-9F999FEA9F90}.Debug|Any CPU.Build.0 = Debug|Any CPU
		{637791BC-E84E-4F5A-AEAD-9F999FEA9F90}.Debug|x64.ActiveCfg = Debug|Any CPU
		{637791BC-E84E-4F5A-AEAD-9F999FEA9F90}.Debug|x64.Build.0 = Debug|Any CPU
		{637791BC-E84E-4F5A-AEAD-9F999FEA9F90}.Debug|x86.ActiveCfg = Debug|Any CPU
		{637791BC-E84E-4F5A-AEAD-9F999FEA9F90}.Debug|x86.Build.0 = Debug|Any CPU
		{637791BC-E84E-4F5A-AEAD-9F999FEA9F90}.Release|Any CPU.ActiveCfg = Release|Any CPU
		{637791BC-E84E-4F5A-AEAD-9F999FEA9F90}.Release|Any CPU.Build.0 = Release|Any CPU
		{637791BC-E84E-4F5A-AEAD-9F999FEA9F90}.Release|x64.ActiveCfg = Release|Any CPU
		{637791BC-E84E-4F5A-AEAD-9F999FEA9F90}.Release|x64.Build.0 = Release|Any CPU
		{637791BC-E84E-4F5A-AEAD-9F999FEA9F90}.Release|x86.ActiveCfg = Release|Any CPU
		{637791BC-E84E-4F5A-AEAD-9F999FEA9F90}.Release|x86.Build.0 = Release|Any CPU
		{6771F90A-23A5-47E6-9BD7-EE2251B69055}.Debug|Any CPU.ActiveCfg = Debug|Any CPU
		{6771F90A-23A5-47E6-9BD7-EE2251B69055}.Debug|Any CPU.Build.0 = Debug|Any CPU
		{6771F90A-23A5-47E6-9BD7-EE2251B69055}.Debug|x64.ActiveCfg = Debug|Any CPU
		{6771F90A-23A5-47E6-9BD7-EE2251B69055}.Debug|x64.Build.0 = Debug|Any CPU
		{6771F90A-23A5-47E6-9BD7-EE2251B69055}.Debug|x86.ActiveCfg = Debug|Any CPU
		{6771F90A-23A5-47E6-9BD7-EE2251B69055}.Debug|x86.Build.0 = Debug|Any CPU
		{6771F90A-23A5-47E6-9BD7-EE2251B69055}.Release|Any CPU.ActiveCfg = Release|Any CPU
		{6771F90A-23A5-47E6-9BD7-EE2251B69055}.Release|Any CPU.Build.0 = Release|Any CPU
		{6771F90A-23A5-47E6-9BD7-EE2251B69055}.Release|x64.ActiveCfg = Release|Any CPU
		{6771F90A-23A5-47E6-9BD7-EE2251B69055}.Release|x64.Build.0 = Release|Any CPU
		{6771F90A-23A5-47E6-9BD7-EE2251B69055}.Release|x86.ActiveCfg = Release|Any CPU
		{6771F90A-23A5-47E6-9BD7-EE2251B69055}.Release|x86.Build.0 = Release|Any CPU
		{2C4733B0-4DD7-452E-88A8-74F843C9A555}.Debug|Any CPU.ActiveCfg = Debug|Any CPU
		{2C4733B0-4DD7-452E-88A8-74F843C9A555}.Debug|Any CPU.Build.0 = Debug|Any CPU
		{2C4733B0-4DD7-452E-88A8-74F843C9A555}.Debug|x64.ActiveCfg = Debug|Any CPU
		{2C4733B0-4DD7-452E-88A8-74F843C9A555}.Debug|x64.Build.0 = Debug|Any CPU
		{2C4733B0-4DD7-452E-88A8-74F843C9A555}.Debug|x86.ActiveCfg = Debug|Any CPU
		{2C4733B0-4DD7-452E-88A8-74F843C9A555}.Debug|x86.Build.0 = Debug|Any CPU
		{2C4733B0-4DD7-452E-88A8-74F843C9A555}.Release|Any CPU.ActiveCfg = Release|Any CPU
		{2C4733B0-4DD7-452E-88A8-74F843C9A555}.Release|Any CPU.Build.0 = Release|Any CPU
		{2C4733B0-4DD7-452E-88A8-74F843C9A555}.Release|x64.ActiveCfg = Release|Any CPU
		{2C4733B0-4DD7-452E-88A8-74F843C9A555}.Release|x64.Build.0 = Release|Any CPU
		{2C4733B0-4DD7-452E-88A8-74F843C9A555}.Release|x86.ActiveCfg = Release|Any CPU
		{2C4733B0-4DD7-452E-88A8-74F843C9A555}.Release|x86.Build.0 = Release|Any CPU
		{03A9B4FE-CC64-4895-96A5-95B8271D6DB6}.Debug|Any CPU.ActiveCfg = Debug|Any CPU
		{03A9B4FE-CC64-4895-96A5-95B8271D6DB6}.Debug|Any CPU.Build.0 = Debug|Any CPU
		{03A9B4FE-CC64-4895-96A5-95B8271D6DB6}.Debug|x64.ActiveCfg = Debug|Any CPU
		{03A9B4FE-CC64-4895-96A5-95B8271D6DB6}.Debug|x64.Build.0 = Debug|Any CPU
		{03A9B4FE-CC64-4895-96A5-95B8271D6DB6}.Debug|x86.ActiveCfg = Debug|Any CPU
		{03A9B4FE-CC64-4895-96A5-95B8271D6DB6}.Debug|x86.Build.0 = Debug|Any CPU
		{03A9B4FE-CC64-4895-96A5-95B8271D6DB6}.Release|Any CPU.ActiveCfg = Release|Any CPU
		{03A9B4FE-CC64-4895-96A5-95B8271D6DB6}.Release|Any CPU.Build.0 = Release|Any CPU
		{03A9B4FE-CC64-4895-96A5-95B8271D6DB6}.Release|x64.ActiveCfg = Release|Any CPU
		{03A9B4FE-CC64-4895-96A5-95B8271D6DB6}.Release|x64.Build.0 = Release|Any CPU
		{03A9B4FE-CC64-4895-96A5-95B8271D6DB6}.Release|x86.ActiveCfg = Release|Any CPU
		{03A9B4FE-CC64-4895-96A5-95B8271D6DB6}.Release|x86.Build.0 = Release|Any CPU
		{183705FD-4D2C-4611-BD8E-883A4C093646}.Debug|Any CPU.ActiveCfg = Debug|Any CPU
		{183705FD-4D2C-4611-BD8E-883A4C093646}.Debug|Any CPU.Build.0 = Debug|Any CPU
		{183705FD-4D2C-4611-BD8E-883A4C093646}.Debug|x64.ActiveCfg = Debug|Any CPU
		{183705FD-4D2C-4611-BD8E-883A4C093646}.Debug|x64.Build.0 = Debug|Any CPU
		{183705FD-4D2C-4611-BD8E-883A4C093646}.Debug|x86.ActiveCfg = Debug|Any CPU
		{183705FD-4D2C-4611-BD8E-883A4C093646}.Debug|x86.Build.0 = Debug|Any CPU
		{183705FD-4D2C-4611-BD8E-883A4C093646}.Release|Any CPU.ActiveCfg = Release|Any CPU
		{183705FD-4D2C-4611-BD8E-883A4C093646}.Release|Any CPU.Build.0 = Release|Any CPU
		{183705FD-4D2C-4611-BD8E-883A4C093646}.Release|x64.ActiveCfg = Release|Any CPU
		{183705FD-4D2C-4611-BD8E-883A4C093646}.Release|x64.Build.0 = Release|Any CPU
		{183705FD-4D2C-4611-BD8E-883A4C093646}.Release|x86.ActiveCfg = Release|Any CPU
		{183705FD-4D2C-4611-BD8E-883A4C093646}.Release|x86.Build.0 = Release|Any CPU
	EndGlobalSection
	GlobalSection(SolutionProperties) = preSolution
		HideSolutionNode = FALSE
	EndGlobalSection
	GlobalSection(NestedProjects) = preSolution
		{AF8CD4F2-D9CA-4909-B185-EFE62C7ADDBE} = {827E0CD3-B72D-47B6-A68D-7590B98EB39B}
		{30D6DCD5-8FE5-46E1-8DD7-F9890005A0E5} = {827E0CD3-B72D-47B6-A68D-7590B98EB39B}
		{A3C34D8D-7D4A-4D06-9C10-62F75B72C8A1} = {827E0CD3-B72D-47B6-A68D-7590B98EB39B}
		{8133C0D8-9A1E-42AA-BFD2-202BFBDADDA9} = {0AB3BF05-4346-4AA6-1389-037BE0695223}
		{1C8763E6-DAB8-499F-A541-01388F2AF676} = {0AB3BF05-4346-4AA6-1389-037BE0695223}
		{D4A4D0D2-8A4B-42B3-9E8E-FE2C4D6A9E11} = {0AB3BF05-4346-4AA6-1389-037BE0695223}
		{89879F03-B6FB-40F6-A3CD-1C357FB74874} = {827E0CD3-B72D-47B6-A68D-7590B98EB39B}
		{14A081FA-9334-45D6-85DA-735011E05EEC} = {827E0CD3-B72D-47B6-A68D-7590B98EB39B}
		{9A798E2F-3A6E-4A69-B7F2-9958C3EF4DBD} = {0AB3BF05-4346-4AA6-1389-037BE0695223}
		{C935106D-4DED-4C06-A884-D67C599DBEC2} = {0AB3BF05-4346-4AA6-1389-037BE0695223}
		{6D9AA3AC-08D5-4019-A91E-1DB2AF8788EC} = {0AB3BF05-4346-4AA6-1389-037BE0695223}
		{C655DB05-E642-4D55-B63A-3CB0F4CE1D24} = {827E0CD3-B72D-47B6-A68D-7590B98EB39B}
		{1BAE2508-1765-4E9C-866C-DDBB2393231B} = {827E0CD3-B72D-47B6-A68D-7590B98EB39B}
		{7C0FB138-53E9-469B-AC1F-B5269F230CC2} = {827E0CD3-B72D-47B6-A68D-7590B98EB39B}
		{637791BC-E84E-4F5A-AEAD-9F999FEA9F90} = {827E0CD3-B72D-47B6-A68D-7590B98EB39B}
		{6771F90A-23A5-47E6-9BD7-EE2251B69055} = {827E0CD3-B72D-47B6-A68D-7590B98EB39B}
		{2C4733B0-4DD7-452E-88A8-74F843C9A555} = {827E0CD3-B72D-47B6-A68D-7590B98EB39B}
		{03A9B4FE-CC64-4895-96A5-95B8271D6DB6} = {827E0CD3-B72D-47B6-A68D-7590B98EB39B}
		{183705FD-4D2C-4611-BD8E-883A4C093646} = {0AB3BF05-4346-4AA6-1389-037BE0695223}
	EndGlobalSection
EndGlobal
